<?xml version="1.0" encoding="utf-8"?>
<Project ToolsVersion="4.0" xmlns="http://schemas.microsoft.com/developer/msbuild/2003">
  <ItemGroup>
    <ClCompile Include="animator.cpp" />
    <ClCompile Include="application.cpp" />
    <ClCompile Include="billboard.cpp" />
    <ClCompile Include="BoxHitbox.cpp" />
    <ClCompile Include="camera.cpp" />
    <ClCompile Include="coin.cpp" />
    <ClCompile Include="CylinderHitbox.cpp" />
    <ClCompile Include="debugProc.cpp" />
    <ClCompile Include="directionalLight.cpp" />
    <ClCompile Include="fade.cpp" />
    <ClCompile Include="font.cpp" />
    <ClCompile Include="game.cpp" />
    <ClCompile Include="gamerace.cpp" />
    <ClCompile Include="hitbox.cpp" />
    <ClCompile Include="halfsphere.cpp" />
    <ClCompile Include="input.cpp" />
    <ClCompile Include="inputKeyboard.cpp" />
    <ClCompile Include="inputMouse.cpp" />
    <ClCompile Include="inputPad.cpp" />
    <ClCompile Include="Letter.cpp" />
    <ClCompile Include="light.cpp" />
    <ClCompile Include="line.cpp" />
    <ClCompile Include="main.cpp" />
    <ClCompile Include="menu.cpp" />
    <ClCompile Include="meshfield.cpp" />
    <ClCompile Include="mode.cpp" />
    <ClCompile Include="model.cpp" />
    <ClCompile Include="modelPart.cpp" />
    <ClCompile Include="object.cpp" />
    <ClCompile Include="object2D.cpp" />
    <ClCompile Include="object3D.cpp" />
    <ClCompile Include="player.cpp" />
    <ClCompile Include="pointLight.cpp" />
    <ClCompile Include="rendering.cpp" />
    <ClCompile Include="score.cpp" />
    <ClCompile Include="sound.cpp" />
    <ClCompile Include="title.cpp" />
    <ClCompile Include="UIString.cpp" />
    <ClCompile Include="message.cpp" />
    <ClCompile Include="goal.cpp" />
    <ClCompile Include="silhouette.cpp" />
    <ClCompile Include="fontString.cpp" />
    <ClCompile Include="stage.cpp" />
    <ClCompile Include="SpikeBall.cpp" />
    <ClCompile Include="playerSelect.cpp" />
    <ClCompile Include="playerModel.cpp" />
    <ClCompile Include="stageSelect.cpp" />
    <ClCompile Include="lavaFloor.cpp" />
    <ClCompile Include="bouncePole.cpp" />
    <ClCompile Include="environment.cpp" />
    <ClCompile Include="trampoline.cpp" />
    <ClCompile Include="fallingStone.cpp" />
    <ClCompile Include="stoneSpawner.cpp" />
    <ClCompile Include="icePillar.cpp" />
    <ClCompile Include="icePillarSpawner.cpp" />
    <ClCompile Include="effect.cpp" />
    <ClCompile Include="AnimateUI.cpp" />
    <ClCompile Include="tutorial.cpp" />
  </ItemGroup>
  <ItemGroup>
    <ClInclude Include="animator.h" />
    <ClInclude Include="application.h" />
    <ClInclude Include="billboard.h" />
    <ClInclude Include="BoxHitbox.h" />
    <ClInclude Include="camera.h" />
    <ClInclude Include="coin.h" />
    <ClInclude Include="CylinderHitbox.h" />
    <ClInclude Include="debugProc.h" />
    <ClInclude Include="directionalLight.h" />
    <ClInclude Include="fade.h" />
    <ClInclude Include="font.h" />
    <ClInclude Include="game.h" />
    <ClInclude Include="gamerace.h" />
    <ClInclude Include="hitbox.h" />
    <ClInclude Include="halfsphere.h" />
    <ClInclude Include="input.h" />
    <ClInclude Include="inputKeyboard.h" />
    <ClInclude Include="inputMouse.h" />
    <ClInclude Include="inputPad.h" />
    <ClInclude Include="Letter.h" />
    <ClInclude Include="light.h" />
    <ClInclude Include="line.h" />
    <ClInclude Include="main.h" />
    <ClInclude Include="menu.h" />
    <ClInclude Include="meshfield.h" />
    <ClInclude Include="mode.h" />
    <ClInclude Include="model.h" />
    <ClInclude Include="modelPart.h" />
    <ClInclude Include="object.h" />
    <ClInclude Include="object2D.h" />
    <ClInclude Include="object3D.h" />
    <ClInclude Include="player.h" />
    <ClInclude Include="pointLight.h" />
    <ClInclude Include="rendering.h" />
    <ClInclude Include="score.h" />
    <ClInclude Include="sound.h" />
    <ClInclude Include="title.h" />
    <ClInclude Include="UIString.h" />
    <ClInclude Include="message.h" />
    <ClInclude Include="goal.h" />
    <ClInclude Include="silhouette.h" />
    <ClInclude Include="fontString.h" />
    <ClInclude Include="stage.h" />
    <ClInclude Include="SpikeBall.h" />
    <ClInclude Include="playerSelect.h" />
    <ClInclude Include="playerModel.h" />
    <ClInclude Include="stageSelect.h" />
    <ClInclude Include="lavaFloor.h" />
    <ClInclude Include="bouncePole.h" />
    <ClInclude Include="trampoline.h" />
    <ClInclude Include="environment.h" />
    <ClInclude Include="fallingStone.h" />
    <ClInclude Include="stoneSpawner.h" />
    <ClInclude Include="icePillar.h" />
    <ClInclude Include="icePillarSpawner.h" />
    <ClInclude Include="effect.h" />
    <ClInclude Include="AnimateUI.h" />
    <ClInclude Include="tutorial.h" />
  </ItemGroup>
</Project>